// !$*UTF8*$!
{
	archiveVersion = 1;
	classes = {
	};
	objectVersion = 56;
	objects = {

/* Begin PBXBuildFile section */
		5B1B3D402BB571AE00309373 /* TabScreen.swift in Sources */ = {isa = PBXBuildFile; fileRef = 5B1B3D3F2BB571AE00309373 /* TabScreen.swift */; };
		5B1B3D422BB577E000309373 /* CustomTabbarShape.swift in Sources */ = {isa = PBXBuildFile; fileRef = 5B1B3D412BB577E000309373 /* CustomTabbarShape.swift */; };
		5B27D2C22BAFF39C00E7A7E1 /* ColorHelper.swift in Sources */ = {isa = PBXBuildFile; fileRef = 5B27D2C12BAFF39B00E7A7E1 /* ColorHelper.swift */; };
		5B27D2C42BAFFA2800E7A7E1 /* NetworkHelper.swift in Sources */ = {isa = PBXBuildFile; fileRef = 5B27D2C32BAFFA2800E7A7E1 /* NetworkHelper.swift */; };
		5B27D2CA2BB1BCC500E7A7E1 /* DashboardView.swift in Sources */ = {isa = PBXBuildFile; fileRef = 5B27D2C92BB1BCC500E7A7E1 /* DashboardView.swift */; };
		5B27D2CC2BB1BEAF00E7A7E1 /* MiscellaneousHelper.swift in Sources */ = {isa = PBXBuildFile; fileRef = 5B27D2CB2BB1BEAF00E7A7E1 /* MiscellaneousHelper.swift */; };
		5B27D2DF2BB1CB1500E7A7E1 /* Nunito-ExtraBold.ttf in Resources */ = {isa = PBXBuildFile; fileRef = 5B27D2D72BB1C7C300E7A7E1 /* Nunito-ExtraBold.ttf */; };
		5B27D2E02BB1CB1500E7A7E1 /* Nunito-Medium.ttf in Resources */ = {isa = PBXBuildFile; fileRef = 5B27D2D92BB1C7C400E7A7E1 /* Nunito-Medium.ttf */; };
		5B27D2E12BB1CB1500E7A7E1 /* Nunito-Black.ttf in Resources */ = {isa = PBXBuildFile; fileRef = 5B27D2D42BB1C7C300E7A7E1 /* Nunito-Black.ttf */; };
		5B27D2E22BB1CB1500E7A7E1 /* Nunito-ExtraLight.ttf in Resources */ = {isa = PBXBuildFile; fileRef = 5B27D2CE2BB1C7C200E7A7E1 /* Nunito-ExtraLight.ttf */; };
		5B27D2E32BB1CB1500E7A7E1 /* Nunito-Light.ttf in Resources */ = {isa = PBXBuildFile; fileRef = 5B27D2DB2BB1C7C400E7A7E1 /* Nunito-Light.ttf */; };
		5B27D2E42BB1CB1500E7A7E1 /* Nunito-SemiBold.ttf in Resources */ = {isa = PBXBuildFile; fileRef = 5B27D2DA2BB1C7C400E7A7E1 /* Nunito-SemiBold.ttf */; };
		5B27D2E52BB1CB1500E7A7E1 /* Nunito-Regular.ttf in Resources */ = {isa = PBXBuildFile; fileRef = 5B27D2D82BB1C7C400E7A7E1 /* Nunito-Regular.ttf */; };
		5B27D2E62BB1CB1500E7A7E1 /* Nunito-Bold.ttf in Resources */ = {isa = PBXBuildFile; fileRef = 5B27D2D62BB1C7C300E7A7E1 /* Nunito-Bold.ttf */; };
		5B736AAA2BB9DA9400791D34 /* AppRootManager.swift in Sources */ = {isa = PBXBuildFile; fileRef = 5B736AA92BB9DA9400791D34 /* AppRootManager.swift */; };
		5B736AAC2BB9DC4C00791D34 /* FunZoneView.swift in Sources */ = {isa = PBXBuildFile; fileRef = 5B736AAB2BB9DC4C00791D34 /* FunZoneView.swift */; };
		5BBDDFD72BB7EC93003A5208 /* ServiceList.swift in Sources */ = {isa = PBXBuildFile; fileRef = 5BBDDFD62BB7EC93003A5208 /* ServiceList.swift */; };
		B442A8652BB576010054A67A /* UserData.swift in Sources */ = {isa = PBXBuildFile; fileRef = B442A8642BB576010054A67A /* UserData.swift */; };
		B44FD2482BB8376600DAC76A /* ProfileResponse.swift in Sources */ = {isa = PBXBuildFile; fileRef = B44FD2472BB8376500DAC76A /* ProfileResponse.swift */; };
		B461F12B2BAD43A400CFEEBA /* BookMyPlaceApp.swift in Sources */ = {isa = PBXBuildFile; fileRef = B461F12A2BAD43A400CFEEBA /* BookMyPlaceApp.swift */; };
		B461F12D2BAD43A400CFEEBA /* SignIn.swift in Sources */ = {isa = PBXBuildFile; fileRef = B461F12C2BAD43A400CFEEBA /* SignIn.swift */; };
		B461F12F2BAD43A900CFEEBA /* Assets.xcassets in Resources */ = {isa = PBXBuildFile; fileRef = B461F12E2BAD43A900CFEEBA /* Assets.xcassets */; };
		B461F1322BAD43A900CFEEBA /* Preview Assets.xcassets in Resources */ = {isa = PBXBuildFile; fileRef = B461F1312BAD43A900CFEEBA /* Preview Assets.xcassets */; };
		B461F1552BAD86F300CFEEBA /* SignUp.swift in Sources */ = {isa = PBXBuildFile; fileRef = B461F1542BAD86F300CFEEBA /* SignUp.swift */; };
		B4819BD52BB5C4D100C0DCB0 /* LoginResponse.swift in Sources */ = {isa = PBXBuildFile; fileRef = B4819BD42BB5C4D100C0DCB0 /* LoginResponse.swift */; };
		B4819BD72BB5EB7800C0DCB0 /* ProfileView.swift in Sources */ = {isa = PBXBuildFile; fileRef = B4819BD62BB5EB7800C0DCB0 /* ProfileView.swift */; };
		B4A90A872BB02F4800A033BB /* TableTennisView.swift in Sources */ = {isa = PBXBuildFile; fileRef = B4A90A862BB02F4800A033BB /* TableTennisView.swift */; };
		B4ABFC172BADE74700C2EFC6 /* CustomTextFieldView.swift in Sources */ = {isa = PBXBuildFile; fileRef = B4ABFC162BADE74700C2EFC6 /* CustomTextFieldView.swift */; };
		E37EAEEC2BB9DEEC00FF6722 /* MeetingRoom.swift in Sources */ = {isa = PBXBuildFile; fileRef = E37EAEEB2BB9DEEC00FF6722 /* MeetingRoom.swift */; };
		E37EAEEE2BB9E27C00FF6722 /* LocationResponse.swift in Sources */ = {isa = PBXBuildFile; fileRef = E37EAEED2BB9E27C00FF6722 /* LocationResponse.swift */; };
		E37EAEF02BB9E8F700FF6722 /* BookRoom.swift in Sources */ = {isa = PBXBuildFile; fileRef = E37EAEEF2BB9E8F700FF6722 /* BookRoom.swift */; };
/* End PBXBuildFile section */

/* Begin PBXFileReference section */
		5B1B3D3F2BB571AE00309373 /* TabScreen.swift */ = {isa = PBXFileReference; lastKnownFileType = sourcecode.swift; path = TabScreen.swift; sourceTree = "<group>"; };
		5B1B3D412BB577E000309373 /* CustomTabbarShape.swift */ = {isa = PBXFileReference; lastKnownFileType = sourcecode.swift; path = CustomTabbarShape.swift; sourceTree = "<group>"; };
		5B27D2C12BAFF39B00E7A7E1 /* ColorHelper.swift */ = {isa = PBXFileReference; lastKnownFileType = sourcecode.swift; path = ColorHelper.swift; sourceTree = "<group>"; };
		5B27D2C32BAFFA2800E7A7E1 /* NetworkHelper.swift */ = {isa = PBXFileReference; lastKnownFileType = sourcecode.swift; path = NetworkHelper.swift; sourceTree = "<group>"; };
		5B27D2C92BB1BCC500E7A7E1 /* DashboardView.swift */ = {isa = PBXFileReference; lastKnownFileType = sourcecode.swift; path = DashboardView.swift; sourceTree = "<group>"; };
		5B27D2CB2BB1BEAF00E7A7E1 /* MiscellaneousHelper.swift */ = {isa = PBXFileReference; lastKnownFileType = sourcecode.swift; path = MiscellaneousHelper.swift; sourceTree = "<group>"; };
		5B27D2CE2BB1C7C200E7A7E1 /* Nunito-ExtraLight.ttf */ = {isa = PBXFileReference; lastKnownFileType = file; path = "Nunito-ExtraLight.ttf"; sourceTree = "<group>"; };
		5B27D2D42BB1C7C300E7A7E1 /* Nunito-Black.ttf */ = {isa = PBXFileReference; lastKnownFileType = file; path = "Nunito-Black.ttf"; sourceTree = "<group>"; };
		5B27D2D62BB1C7C300E7A7E1 /* Nunito-Bold.ttf */ = {isa = PBXFileReference; lastKnownFileType = file; path = "Nunito-Bold.ttf"; sourceTree = "<group>"; };
		5B27D2D72BB1C7C300E7A7E1 /* Nunito-ExtraBold.ttf */ = {isa = PBXFileReference; lastKnownFileType = file; path = "Nunito-ExtraBold.ttf"; sourceTree = "<group>"; };
		5B27D2D82BB1C7C400E7A7E1 /* Nunito-Regular.ttf */ = {isa = PBXFileReference; lastKnownFileType = file; path = "Nunito-Regular.ttf"; sourceTree = "<group>"; };
		5B27D2D92BB1C7C400E7A7E1 /* Nunito-Medium.ttf */ = {isa = PBXFileReference; lastKnownFileType = file; path = "Nunito-Medium.ttf"; sourceTree = "<group>"; };
		5B27D2DA2BB1C7C400E7A7E1 /* Nunito-SemiBold.ttf */ = {isa = PBXFileReference; lastKnownFileType = file; path = "Nunito-SemiBold.ttf"; sourceTree = "<group>"; };
		5B27D2DB2BB1C7C400E7A7E1 /* Nunito-Light.ttf */ = {isa = PBXFileReference; lastKnownFileType = file; path = "Nunito-Light.ttf"; sourceTree = "<group>"; };
		5B27D2DE2BB1C80F00E7A7E1 /* Info.plist */ = {isa = PBXFileReference; lastKnownFileType = text.plist; path = Info.plist; sourceTree = "<group>"; };
		5B736AA92BB9DA9400791D34 /* AppRootManager.swift */ = {isa = PBXFileReference; lastKnownFileType = sourcecode.swift; path = AppRootManager.swift; sourceTree = "<group>"; };
		5B736AAB2BB9DC4C00791D34 /* FunZoneView.swift */ = {isa = PBXFileReference; fileEncoding = 4; lastKnownFileType = sourcecode.swift; path = FunZoneView.swift; sourceTree = "<group>"; };
		5BBDDFD62BB7EC93003A5208 /* ServiceList.swift */ = {isa = PBXFileReference; lastKnownFileType = sourcecode.swift; path = ServiceList.swift; sourceTree = "<group>"; };
		B442A8642BB576010054A67A /* UserData.swift */ = {isa = PBXFileReference; lastKnownFileType = sourcecode.swift; path = UserData.swift; sourceTree = "<group>"; };
		B44FD2472BB8376500DAC76A /* ProfileResponse.swift */ = {isa = PBXFileReference; fileEncoding = 4; lastKnownFileType = sourcecode.swift; path = ProfileResponse.swift; sourceTree = "<group>"; };
		B461F1272BAD43A400CFEEBA /* BookMyPlace.app */ = {isa = PBXFileReference; explicitFileType = wrapper.application; includeInIndex = 0; path = BookMyPlace.app; sourceTree = BUILT_PRODUCTS_DIR; };
		B461F12A2BAD43A400CFEEBA /* BookMyPlaceApp.swift */ = {isa = PBXFileReference; lastKnownFileType = sourcecode.swift; path = BookMyPlaceApp.swift; sourceTree = "<group>"; };
		B461F12C2BAD43A400CFEEBA /* SignIn.swift */ = {isa = PBXFileReference; lastKnownFileType = sourcecode.swift; path = SignIn.swift; sourceTree = "<group>"; };
		B461F12E2BAD43A900CFEEBA /* Assets.xcassets */ = {isa = PBXFileReference; lastKnownFileType = folder.assetcatalog; path = Assets.xcassets; sourceTree = "<group>"; };
		B461F1312BAD43A900CFEEBA /* Preview Assets.xcassets */ = {isa = PBXFileReference; lastKnownFileType = folder.assetcatalog; path = "Preview Assets.xcassets"; sourceTree = "<group>"; };
		B461F1542BAD86F300CFEEBA /* SignUp.swift */ = {isa = PBXFileReference; lastKnownFileType = sourcecode.swift; path = SignUp.swift; sourceTree = "<group>"; };
		B4819BD42BB5C4D100C0DCB0 /* LoginResponse.swift */ = {isa = PBXFileReference; lastKnownFileType = sourcecode.swift; path = LoginResponse.swift; sourceTree = "<group>"; };
		B4819BD62BB5EB7800C0DCB0 /* ProfileView.swift */ = {isa = PBXFileReference; fileEncoding = 4; lastKnownFileType = sourcecode.swift; path = ProfileView.swift; sourceTree = "<group>"; };
		B4A90A862BB02F4800A033BB /* TableTennisView.swift */ = {isa = PBXFileReference; lastKnownFileType = sourcecode.swift; path = TableTennisView.swift; sourceTree = "<group>"; };
		B4ABFC162BADE74700C2EFC6 /* CustomTextFieldView.swift */ = {isa = PBXFileReference; lastKnownFileType = sourcecode.swift; path = CustomTextFieldView.swift; sourceTree = "<group>"; };
		E37EAEEB2BB9DEEC00FF6722 /* MeetingRoom.swift */ = {isa = PBXFileReference; lastKnownFileType = sourcecode.swift; path = MeetingRoom.swift; sourceTree = "<group>"; };
		E37EAEED2BB9E27C00FF6722 /* LocationResponse.swift */ = {isa = PBXFileReference; lastKnownFileType = sourcecode.swift; path = LocationResponse.swift; sourceTree = "<group>"; };
		E37EAEEF2BB9E8F700FF6722 /* BookRoom.swift */ = {isa = PBXFileReference; lastKnownFileType = sourcecode.swift; path = BookRoom.swift; sourceTree = "<group>"; };
/* End PBXFileReference section */

/* Begin PBXFrameworksBuildPhase section */
		B461F1242BAD43A400CFEEBA /* Frameworks */ = {
			isa = PBXFrameworksBuildPhase;
			buildActionMask = 2147483647;
			files = (
			);
			runOnlyForDeploymentPostprocessing = 0;
		};
/* End PBXFrameworksBuildPhase section */

/* Begin PBXGroup section */
		5B27D2C02BAFF37D00E7A7E1 /* Utils */ = {
			isa = PBXGroup;
			children = (
				5B27D2C12BAFF39B00E7A7E1 /* ColorHelper.swift */,
				5B27D2C32BAFFA2800E7A7E1 /* NetworkHelper.swift */,
				5B27D2CB2BB1BEAF00E7A7E1 /* MiscellaneousHelper.swift */,
				5B736AA92BB9DA9400791D34 /* AppRootManager.swift */,
			);
			path = Utils;
			sourceTree = "<group>";
		};
		5B27D2C52BB15F2A00E7A7E1 /* Modules */ = {
			isa = PBXGroup;
			children = (
				5B27D2C82BB15F5F00E7A7E1 /* UserAuthentication */,
				5B27D2C72BB15F4700E7A7E1 /* FunZone */,
				5B27D2C62BB15F3E00E7A7E1 /* Dashboard */,
			);
			path = Modules;
			sourceTree = "<group>";
		};
		5B27D2C62BB15F3E00E7A7E1 /* Dashboard */ = {
			isa = PBXGroup;
			children = (
				5B27D2C92BB1BCC500E7A7E1 /* DashboardView.swift */,
			);
			path = Dashboard;
			sourceTree = "<group>";
		};
		5B27D2C72BB15F4700E7A7E1 /* FunZone */ = {
			isa = PBXGroup;
			children = (
				5B736AAB2BB9DC4C00791D34 /* FunZoneView.swift */,
			);
			path = FunZone;
			sourceTree = "<group>";
		};
		5B27D2C82BB15F5F00E7A7E1 /* UserAuthentication */ = {
			isa = PBXGroup;
			children = (
				5B1B3D3F2BB571AE00309373 /* TabScreen.swift */,
			);
			path = UserAuthentication;
			sourceTree = "<group>";
		};
		5B27D2CD2BB1C74600E7A7E1 /* Fonts */ = {
			isa = PBXGroup;
			children = (
				5B27D2D42BB1C7C300E7A7E1 /* Nunito-Black.ttf */,
				5B27D2D62BB1C7C300E7A7E1 /* Nunito-Bold.ttf */,
				5B27D2D72BB1C7C300E7A7E1 /* Nunito-ExtraBold.ttf */,
				5B27D2CE2BB1C7C200E7A7E1 /* Nunito-ExtraLight.ttf */,
				5B27D2DB2BB1C7C400E7A7E1 /* Nunito-Light.ttf */,
				5B27D2D92BB1C7C400E7A7E1 /* Nunito-Medium.ttf */,
				5B27D2D82BB1C7C400E7A7E1 /* Nunito-Regular.ttf */,
				5B27D2DA2BB1C7C400E7A7E1 /* Nunito-SemiBold.ttf */,
			);
			path = Fonts;
			sourceTree = "<group>";
		};
		B442A8622BB574130054A67A /* UI */ = {
			isa = PBXGroup;
			children = (
				B4A90A862BB02F4800A033BB /* TableTennisView.swift */,
				B461F1542BAD86F300CFEEBA /* SignUp.swift */,
				B461F12C2BAD43A400CFEEBA /* SignIn.swift */,
				5BBDDFD62BB7EC93003A5208 /* ServiceList.swift */,
			);
			path = UI;
			sourceTree = "<group>";
		};
		B442A8632BB575E30054A67A /* Model */ = {
			isa = PBXGroup;
			children = (
				B44FD2472BB8376500DAC76A /* ProfileResponse.swift */,
				B442A8642BB576010054A67A /* UserData.swift */,
				B4819BD42BB5C4D100C0DCB0 /* LoginResponse.swift */,
				E37EAEEB2BB9DEEC00FF6722 /* MeetingRoom.swift */,
				E37EAEED2BB9E27C00FF6722 /* LocationResponse.swift */,
				E37EAEEF2BB9E8F700FF6722 /* BookRoom.swift */,
			);
			path = Model;
			sourceTree = "<group>";
		};
		B461F11E2BAD43A400CFEEBA = {
			isa = PBXGroup;
			children = (
				B461F1292BAD43A400CFEEBA /* BookMyPlace */,
				B461F1282BAD43A400CFEEBA /* Products */,
			);
			sourceTree = "<group>";
		};
		B461F1282BAD43A400CFEEBA /* Products */ = {
			isa = PBXGroup;
			children = (
				B461F1272BAD43A400CFEEBA /* BookMyPlace.app */,
			);
			name = Products;
			sourceTree = "<group>";
		};
		B461F1292BAD43A400CFEEBA /* BookMyPlace */ = {
			isa = PBXGroup;
			children = (
				5B27D2DE2BB1C80F00E7A7E1 /* Info.plist */,
				5B27D2CD2BB1C74600E7A7E1 /* Fonts */,
				5B27D2C52BB15F2A00E7A7E1 /* Modules */,
				B4819BD62BB5EB7800C0DCB0 /* ProfileView.swift */,
				B442A8632BB575E30054A67A /* Model */,
				B442A8622BB574130054A67A /* UI */,
				5B27D2C02BAFF37D00E7A7E1 /* Utils */,
				B4ABFC152BADE72800C2EFC6 /* CustomView */,
				B461F12A2BAD43A400CFEEBA /* BookMyPlaceApp.swift */,
				B461F12E2BAD43A900CFEEBA /* Assets.xcassets */,
				B461F1302BAD43A900CFEEBA /* Preview Content */,
			);
			path = BookMyPlace;
			sourceTree = "<group>";
		};
		B461F1302BAD43A900CFEEBA /* Preview Content */ = {
			isa = PBXGroup;
			children = (
				B461F1312BAD43A900CFEEBA /* Preview Assets.xcassets */,
			);
			path = "Preview Content";
			sourceTree = "<group>";
		};
		B4ABFC152BADE72800C2EFC6 /* CustomView */ = {
			isa = PBXGroup;
			children = (
				B4ABFC162BADE74700C2EFC6 /* CustomTextFieldView.swift */,
				5B1B3D412BB577E000309373 /* CustomTabbarShape.swift */,
			);
			path = CustomView;
			sourceTree = "<group>";
		};
/* End PBXGroup section */

/* Begin PBXNativeTarget section */
		B461F1262BAD43A400CFEEBA /* BookMyPlace */ = {
			isa = PBXNativeTarget;
			buildConfigurationList = B461F1352BAD43A900CFEEBA /* Build configuration list for PBXNativeTarget "BookMyPlace" */;
			buildPhases = (
				B461F1232BAD43A400CFEEBA /* Sources */,
				B461F1242BAD43A400CFEEBA /* Frameworks */,
				B461F1252BAD43A400CFEEBA /* Resources */,
			);
			buildRules = (
			);
			dependencies = (
			);
			name = BookMyPlace;
			productName = BookMyPlace;
			productReference = B461F1272BAD43A400CFEEBA /* BookMyPlace.app */;
			productType = "com.apple.product-type.application";
		};
/* End PBXNativeTarget section */

/* Begin PBXProject section */
		B461F11F2BAD43A400CFEEBA /* Project object */ = {
			isa = PBXProject;
			attributes = {
				BuildIndependentTargetsInParallel = 1;
				LastSwiftUpdateCheck = 1530;
				LastUpgradeCheck = 1530;
				TargetAttributes = {
					B461F1262BAD43A400CFEEBA = {
						CreatedOnToolsVersion = 15.3;
					};
				};
			};
			buildConfigurationList = B461F1222BAD43A400CFEEBA /* Build configuration list for PBXProject "BookMyPlace" */;
			compatibilityVersion = "Xcode 14.0";
			developmentRegion = en;
			hasScannedForEncodings = 0;
			knownRegions = (
				en,
				Base,
			);
			mainGroup = B461F11E2BAD43A400CFEEBA;
			productRefGroup = B461F1282BAD43A400CFEEBA /* Products */;
			projectDirPath = "";
			projectRoot = "";
			targets = (
				B461F1262BAD43A400CFEEBA /* BookMyPlace */,
			);
		};
/* End PBXProject section */

/* Begin PBXResourcesBuildPhase section */
		B461F1252BAD43A400CFEEBA /* Resources */ = {
			isa = PBXResourcesBuildPhase;
			buildActionMask = 2147483647;
			files = (
				5B27D2E42BB1CB1500E7A7E1 /* Nunito-SemiBold.ttf in Resources */,
				5B27D2E02BB1CB1500E7A7E1 /* Nunito-Medium.ttf in Resources */,
				5B27D2E32BB1CB1500E7A7E1 /* Nunito-Light.ttf in Resources */,
				5B27D2E12BB1CB1500E7A7E1 /* Nunito-Black.ttf in Resources */,
				5B27D2DF2BB1CB1500E7A7E1 /* Nunito-ExtraBold.ttf in Resources */,
				5B27D2E22BB1CB1500E7A7E1 /* Nunito-ExtraLight.ttf in Resources */,
				5B27D2E62BB1CB1500E7A7E1 /* Nunito-Bold.ttf in Resources */,
				5B27D2E52BB1CB1500E7A7E1 /* Nunito-Regular.ttf in Resources */,
				B461F1322BAD43A900CFEEBA /* Preview Assets.xcassets in Resources */,
				B461F12F2BAD43A900CFEEBA /* Assets.xcassets in Resources */,
			);
			runOnlyForDeploymentPostprocessing = 0;
		};
/* End PBXResourcesBuildPhase section */

/* Begin PBXSourcesBuildPhase section */
		B461F1232BAD43A400CFEEBA /* Sources */ = {
			isa = PBXSourcesBuildPhase;
			buildActionMask = 2147483647;
			files = (
				B44FD2482BB8376600DAC76A /* ProfileResponse.swift in Sources */,
				E37EAEEE2BB9E27C00FF6722 /* LocationResponse.swift in Sources */,
				B4A90A872BB02F4800A033BB /* TableTennisView.swift in Sources */,
				E37EAEEC2BB9DEEC00FF6722 /* MeetingRoom.swift in Sources */,
				5B27D2CA2BB1BCC500E7A7E1 /* DashboardView.swift in Sources */,
				E37EAEF02BB9E8F700FF6722 /* BookRoom.swift in Sources */,
				B461F12D2BAD43A400CFEEBA /* SignIn.swift in Sources */,
				5B736AAC2BB9DC4C00791D34 /* FunZoneView.swift in Sources */,
				5B1B3D402BB571AE00309373 /* TabScreen.swift in Sources */,
				B4819BD72BB5EB7800C0DCB0 /* ProfileView.swift in Sources */,
				B4819BD52BB5C4D100C0DCB0 /* LoginResponse.swift in Sources */,
				5BBDDFD72BB7EC93003A5208 /* ServiceList.swift in Sources */,
				B442A8652BB576010054A67A /* UserData.swift in Sources */,
				5B27D2C22BAFF39C00E7A7E1 /* ColorHelper.swift in Sources */,
				5B736AAA2BB9DA9400791D34 /* AppRootManager.swift in Sources */,
				5B1B3D422BB577E000309373 /* CustomTabbarShape.swift in Sources */,
				B461F1552BAD86F300CFEEBA /* SignUp.swift in Sources */,
				B461F12B2BAD43A400CFEEBA /* BookMyPlaceApp.swift in Sources */,
				5B27D2C42BAFFA2800E7A7E1 /* NetworkHelper.swift in Sources */,
				5B27D2CC2BB1BEAF00E7A7E1 /* MiscellaneousHelper.swift in Sources */,
				B4ABFC172BADE74700C2EFC6 /* CustomTextFieldView.swift in Sources */,
			);
			runOnlyForDeploymentPostprocessing = 0;
		};
/* End PBXSourcesBuildPhase section */

/* Begin XCBuildConfiguration section */
		B461F1332BAD43A900CFEEBA /* Debug */ = {
			isa = XCBuildConfiguration;
			buildSettings = {
				ALWAYS_SEARCH_USER_PATHS = NO;
				ASSETCATALOG_COMPILER_GENERATE_SWIFT_ASSET_SYMBOL_EXTENSIONS = YES;
				CLANG_ANALYZER_NONNULL = YES;
				CLANG_ANALYZER_NUMBER_OBJECT_CONVERSION = YES_AGGRESSIVE;
				CLANG_CXX_LANGUAGE_STANDARD = "gnu++20";
				CLANG_ENABLE_MODULES = YES;
				CLANG_ENABLE_OBJC_ARC = YES;
				CLANG_ENABLE_OBJC_WEAK = YES;
				CLANG_WARN_BLOCK_CAPTURE_AUTORELEASING = YES;
				CLANG_WARN_BOOL_CONVERSION = YES;
				CLANG_WARN_COMMA = YES;
				CLANG_WARN_CONSTANT_CONVERSION = YES;
				CLANG_WARN_DEPRECATED_OBJC_IMPLEMENTATIONS = YES;
				CLANG_WARN_DIRECT_OBJC_ISA_USAGE = YES_ERROR;
				CLANG_WARN_DOCUMENTATION_COMMENTS = YES;
				CLANG_WARN_EMPTY_BODY = YES;
				CLANG_WARN_ENUM_CONVERSION = YES;
				CLANG_WARN_INFINITE_RECURSION = YES;
				CLANG_WARN_INT_CONVERSION = YES;
				CLANG_WARN_NON_LITERAL_NULL_CONVERSION = YES;
				CLANG_WARN_OBJC_IMPLICIT_RETAIN_SELF = YES;
				CLANG_WARN_OBJC_LITERAL_CONVERSION = YES;
				CLANG_WARN_OBJC_ROOT_CLASS = YES_ERROR;
				CLANG_WARN_QUOTED_INCLUDE_IN_FRAMEWORK_HEADER = YES;
				CLANG_WARN_RANGE_LOOP_ANALYSIS = YES;
				CLANG_WARN_STRICT_PROTOTYPES = YES;
				CLANG_WARN_SUSPICIOUS_MOVE = YES;
				CLANG_WARN_UNGUARDED_AVAILABILITY = YES_AGGRESSIVE;
				CLANG_WARN_UNREACHABLE_CODE = YES;
				CLANG_WARN__DUPLICATE_METHOD_MATCH = YES;
				COPY_PHASE_STRIP = NO;
				DEBUG_INFORMATION_FORMAT = dwarf;
				ENABLE_STRICT_OBJC_MSGSEND = YES;
				ENABLE_TESTABILITY = YES;
				ENABLE_USER_SCRIPT_SANDBOXING = YES;
				GCC_C_LANGUAGE_STANDARD = gnu17;
				GCC_DYNAMIC_NO_PIC = NO;
				GCC_NO_COMMON_BLOCKS = YES;
				GCC_OPTIMIZATION_LEVEL = 0;
				GCC_PREPROCESSOR_DEFINITIONS = (
					"DEBUG=1",
					"$(inherited)",
				);
				GCC_WARN_64_TO_32_BIT_CONVERSION = YES;
				GCC_WARN_ABOUT_RETURN_TYPE = YES_ERROR;
				GCC_WARN_UNDECLARED_SELECTOR = YES;
				GCC_WARN_UNINITIALIZED_AUTOS = YES_AGGRESSIVE;
				GCC_WARN_UNUSED_FUNCTION = YES;
				GCC_WARN_UNUSED_VARIABLE = YES;
				IPHONEOS_DEPLOYMENT_TARGET = 17.4;
				LOCALIZATION_PREFERS_STRING_CATALOGS = YES;
				MTL_ENABLE_DEBUG_INFO = INCLUDE_SOURCE;
				MTL_FAST_MATH = YES;
				ONLY_ACTIVE_ARCH = YES;
				SDKROOT = iphoneos;
				SWIFT_ACTIVE_COMPILATION_CONDITIONS = "DEBUG $(inherited)";
				SWIFT_OPTIMIZATION_LEVEL = "-Onone";
			};
			name = Debug;
		};
		B461F1342BAD43A900CFEEBA /* Release */ = {
			isa = XCBuildConfiguration;
			buildSettings = {
				ALWAYS_SEARCH_USER_PATHS = NO;
				ASSETCATALOG_COMPILER_GENERATE_SWIFT_ASSET_SYMBOL_EXTENSIONS = YES;
				CLANG_ANALYZER_NONNULL = YES;
				CLANG_ANALYZER_NUMBER_OBJECT_CONVERSION = YES_AGGRESSIVE;
				CLANG_CXX_LANGUAGE_STANDARD = "gnu++20";
				CLANG_ENABLE_MODULES = YES;
				CLANG_ENABLE_OBJC_ARC = YES;
				CLANG_ENABLE_OBJC_WEAK = YES;
				CLANG_WARN_BLOCK_CAPTURE_AUTORELEASING = YES;
				CLANG_WARN_BOOL_CONVERSION = YES;
				CLANG_WARN_COMMA = YES;
				CLANG_WARN_CONSTANT_CONVERSION = YES;
				CLANG_WARN_DEPRECATED_OBJC_IMPLEMENTATIONS = YES;
				CLANG_WARN_DIRECT_OBJC_ISA_USAGE = YES_ERROR;
				CLANG_WARN_DOCUMENTATION_COMMENTS = YES;
				CLANG_WARN_EMPTY_BODY = YES;
				CLANG_WARN_ENUM_CONVERSION = YES;
				CLANG_WARN_INFINITE_RECURSION = YES;
				CLANG_WARN_INT_CONVERSION = YES;
				CLANG_WARN_NON_LITERAL_NULL_CONVERSION = YES;
				CLANG_WARN_OBJC_IMPLICIT_RETAIN_SELF = YES;
				CLANG_WARN_OBJC_LITERAL_CONVERSION = YES;
				CLANG_WARN_OBJC_ROOT_CLASS = YES_ERROR;
				CLANG_WARN_QUOTED_INCLUDE_IN_FRAMEWORK_HEADER = YES;
				CLANG_WARN_RANGE_LOOP_ANALYSIS = YES;
				CLANG_WARN_STRICT_PROTOTYPES = YES;
				CLANG_WARN_SUSPICIOUS_MOVE = YES;
				CLANG_WARN_UNGUARDED_AVAILABILITY = YES_AGGRESSIVE;
				CLANG_WARN_UNREACHABLE_CODE = YES;
				CLANG_WARN__DUPLICATE_METHOD_MATCH = YES;
				COPY_PHASE_STRIP = NO;
				DEBUG_INFORMATION_FORMAT = "dwarf-with-dsym";
				ENABLE_NS_ASSERTIONS = NO;
				ENABLE_STRICT_OBJC_MSGSEND = YES;
				ENABLE_USER_SCRIPT_SANDBOXING = YES;
				GCC_C_LANGUAGE_STANDARD = gnu17;
				GCC_NO_COMMON_BLOCKS = YES;
				GCC_WARN_64_TO_32_BIT_CONVERSION = YES;
				GCC_WARN_ABOUT_RETURN_TYPE = YES_ERROR;
				GCC_WARN_UNDECLARED_SELECTOR = YES;
				GCC_WARN_UNINITIALIZED_AUTOS = YES_AGGRESSIVE;
				GCC_WARN_UNUSED_FUNCTION = YES;
				GCC_WARN_UNUSED_VARIABLE = YES;
				IPHONEOS_DEPLOYMENT_TARGET = 17.4;
				LOCALIZATION_PREFERS_STRING_CATALOGS = YES;
				MTL_ENABLE_DEBUG_INFO = NO;
				MTL_FAST_MATH = YES;
				SDKROOT = iphoneos;
				SWIFT_COMPILATION_MODE = wholemodule;
				VALIDATE_PRODUCT = YES;
			};
			name = Release;
		};
		B461F1362BAD43A900CFEEBA /* Debug */ = {
			isa = XCBuildConfiguration;
			buildSettings = {
				ASSETCATALOG_COMPILER_APPICON_NAME = AppIcon;
				ASSETCATALOG_COMPILER_GLOBAL_ACCENT_COLOR_NAME = AccentColor;
				CODE_SIGN_STYLE = Automatic;
				CURRENT_PROJECT_VERSION = 1;
				DEVELOPMENT_ASSET_PATHS = "\"BookMyPlace/Preview Content\"";
				ENABLE_PREVIEWS = YES;
				GENERATE_INFOPLIST_FILE = YES;
				INFOPLIST_FILE = BookMyPlace/Info.plist;
				INFOPLIST_KEY_UIApplicationSceneManifest_Generation = YES;
				INFOPLIST_KEY_UIApplicationSupportsIndirectInputEvents = YES;
				INFOPLIST_KEY_UILaunchScreen_Generation = YES;
				INFOPLIST_KEY_UISupportedInterfaceOrientations = UIInterfaceOrientationPortrait;
				IPHONEOS_DEPLOYMENT_TARGET = 17.2;
				LD_RUNPATH_SEARCH_PATHS = (
					"$(inherited)",
					"@executable_path/Frameworks",
				);
				MARKETING_VERSION = 1.0;
				PRODUCT_BUNDLE_IDENTIFIER = com.mallika.BookMyPlace;
				PRODUCT_NAME = "$(TARGET_NAME)";
				SWIFT_EMIT_LOC_STRINGS = YES;
				SWIFT_VERSION = 5.0;
				TARGETED_DEVICE_FAMILY = "1,2";
			};
			name = Debug;
		};
		B461F1372BAD43A900CFEEBA /* Release */ = {
			isa = XCBuildConfiguration;
			buildSettings = {
				ASSETCATALOG_COMPILER_APPICON_NAME = AppIcon;
				ASSETCATALOG_COMPILER_GLOBAL_ACCENT_COLOR_NAME = AccentColor;
				CODE_SIGN_STYLE = Automatic;
				CURRENT_PROJECT_VERSION = 1;
				DEVELOPMENT_ASSET_PATHS = "\"BookMyPlace/Preview Content\"";
				ENABLE_PREVIEWS = YES;
				GENERATE_INFOPLIST_FILE = YES;
				INFOPLIST_FILE = BookMyPlace/Info.plist;
				INFOPLIST_KEY_UIApplicationSceneManifest_Generation = YES;
				INFOPLIST_KEY_UIApplicationSupportsIndirectInputEvents = YES;
				INFOPLIST_KEY_UILaunchScreen_Generation = YES;
				INFOPLIST_KEY_UISupportedInterfaceOrientations = UIInterfaceOrientationPortrait;
				IPHONEOS_DEPLOYMENT_TARGET = 17.2;
				LD_RUNPATH_SEARCH_PATHS = (
					"$(inherited)",
					"@executable_path/Frameworks",
				);
				MARKETING_VERSION = 1.0;
				PRODUCT_BUNDLE_IDENTIFIER = com.mallika.BookMyPlace;
				PRODUCT_NAME = "$(TARGET_NAME)";
				SWIFT_EMIT_LOC_STRINGS = YES;
				SWIFT_VERSION = 5.0;
				TARGETED_DEVICE_FAMILY = "1,2";
			};
			name = Release;
		};
/* End XCBuildConfiguration section */

/* Begin XCConfigurationList section */
		B461F1222BAD43A400CFEEBA /* Build configuration list for PBXProject "BookMyPlace" */ = {
			isa = XCConfigurationList;
			buildConfigurations = (
				B461F1332BAD43A900CFEEBA /* Debug */,
				B461F1342BAD43A900CFEEBA /* Release */,
			);
			defaultConfigurationIsVisible = 0;
			defaultConfigurationName = Release;
		};
		B461F1352BAD43A900CFEEBA /* Build configuration list for PBXNativeTarget "BookMyPlace" */ = {
			isa = XCConfigurationList;
			buildConfigurations = (
				B461F1362BAD43A900CFEEBA /* Debug */,
				B461F1372BAD43A900CFEEBA /* Release */,
			);
			defaultConfigurationIsVisible = 0;
			defaultConfigurationName = Release;
		};
/* End XCConfigurationList section */
	};
	rootObject = B461F11F2BAD43A400CFEEBA /* Project object */;
}
